{
  "pins" : [
    {
      "identity" : "swift-concurrency-extras",
      "kind" : "remoteSourceControl",
      "location" : "https://github.com/pointfreeco/swift-concurrency-extras",
      "state" : {
        "revision" : "6054df64b55186f08b6d0fd87152081b8ad8d613",
        "version" : "1.2.0"
      }
    },
    {
      "identity" : "swift-issue-reporting",
      "kind" : "remoteSourceControl",
      "location" : "https://github.com/rsekar1094/swift-issue-reporting",
      "state" : {
        "branch" : "main",
        "revision" : "98609423d831ee0a7a946fd3f7d8b26b764b53cd"
      }
    }
  ],
  "version" : 2
}
